// !$*UTF8*$!
{
	archiveVersion = 1;
	classes = {
	};
	objectVersion = 56;
	objects = {

/* Begin PBXBuildFile section */
		A212CCB82AF91CC50080FF58 /* TripView.swift in Sources */ = {isa = PBXBuildFile; fileRef = A212CCB72AF91CC50080FF58 /* TripView.swift */; };
		A212CCBA2AF91CF50080FF58 /* JournalView.swift in Sources */ = {isa = PBXBuildFile; fileRef = A212CCB92AF91CF50080FF58 /* JournalView.swift */; };
		A212CCBC2AF91D3E0080FF58 /* MapView.swift in Sources */ = {isa = PBXBuildFile; fileRef = A212CCBB2AF91D3E0080FF58 /* MapView.swift */; };
		A212CCBE2AF91D620080FF58 /* PhotoView.swift in Sources */ = {isa = PBXBuildFile; fileRef = A212CCBD2AF91D620080FF58 /* PhotoView.swift */; };
		A212CCC42AF91F6D0080FF58 /* TabBarView.swift in Sources */ = {isa = PBXBuildFile; fileRef = A212CCC32AF91F6D0080FF58 /* TabBarView.swift */; };
		A212CCEB2AF9A0450080FF58 /* LocationManager.swift in Sources */ = {isa = PBXBuildFile; fileRef = A212CCEA2AF9A0450080FF58 /* LocationManager.swift */; };
		A212CCED2AF9A2AF0080FF58 /* AddTripView.swift in Sources */ = {isa = PBXBuildFile; fileRef = A212CCEC2AF9A2AF0080FF58 /* AddTripView.swift */; };
		A21552912B02666F0006162B /* Journal+CoreDataClass.swift in Sources */ = {isa = PBXBuildFile; fileRef = A21552892B02666F0006162B /* Journal+CoreDataClass.swift */; };
		A21552922B02666F0006162B /* Journal+CoreDataProperties.swift in Sources */ = {isa = PBXBuildFile; fileRef = A215528A2B02666F0006162B /* Journal+CoreDataProperties.swift */; };
		A21552932B02666F0006162B /* Trip+CoreDataClass.swift in Sources */ = {isa = PBXBuildFile; fileRef = A215528B2B02666F0006162B /* Trip+CoreDataClass.swift */; };
		A21552942B02666F0006162B /* Trip+CoreDataProperties.swift in Sources */ = {isa = PBXBuildFile; fileRef = A215528C2B02666F0006162B /* Trip+CoreDataProperties.swift */; };
		A21552952B02666F0006162B /* User+CoreDataClass.swift in Sources */ = {isa = PBXBuildFile; fileRef = A215528D2B02666F0006162B /* User+CoreDataClass.swift */; };
		A21552962B02666F0006162B /* User+CoreDataProperties.swift in Sources */ = {isa = PBXBuildFile; fileRef = A215528E2B02666F0006162B /* User+CoreDataProperties.swift */; };
		A21552972B02666F0006162B /* Photo+CoreDataClass.swift in Sources */ = {isa = PBXBuildFile; fileRef = A215528F2B02666F0006162B /* Photo+CoreDataClass.swift */; };
		A21552982B02666F0006162B /* Photo+CoreDataProperties.swift in Sources */ = {isa = PBXBuildFile; fileRef = A21552902B02666F0006162B /* Photo+CoreDataProperties.swift */; };
		A25CB4B32AFC94770000A70F /* AddJournalView.swift in Sources */ = {isa = PBXBuildFile; fileRef = A25CB4B22AFC94770000A70F /* AddJournalView.swift */; };
		A2702CF62AF3200D002CDAF7 /* WanderlustApp.swift in Sources */ = {isa = PBXBuildFile; fileRef = A2702CF52AF3200D002CDAF7 /* WanderlustApp.swift */; };
		A2702CF82AF3200D002CDAF7 /* ContentView.swift in Sources */ = {isa = PBXBuildFile; fileRef = A2702CF72AF3200D002CDAF7 /* ContentView.swift */; };
		A2702CFA2AF3200F002CDAF7 /* Assets.xcassets in Resources */ = {isa = PBXBuildFile; fileRef = A2702CF92AF3200F002CDAF7 /* Assets.xcassets */; };
		A2702CFD2AF3200F002CDAF7 /* Preview Assets.xcassets in Resources */ = {isa = PBXBuildFile; fileRef = A2702CFC2AF3200F002CDAF7 /* Preview Assets.xcassets */; };
		A2702D022AF3200F002CDAF7 /* Wanderlust.xcdatamodeld in Sources */ = {isa = PBXBuildFile; fileRef = A2702D002AF3200F002CDAF7 /* Wanderlust.xcdatamodeld */; };
		A2702D0D2AF3339B002CDAF7 /* Register.swift in Sources */ = {isa = PBXBuildFile; fileRef = A2702D0C2AF3339B002CDAF7 /* Register.swift */; };
		A2702D122AF33DB9002CDAF7 /* ProfileView.swift in Sources */ = {isa = PBXBuildFile; fileRef = A2702D112AF33DB9002CDAF7 /* ProfileView.swift */; };
		A2702D1B2AF3AB3A002CDAF7 /* CustomComponents.swift in Sources */ = {isa = PBXBuildFile; fileRef = A2702D1A2AF3AB3A002CDAF7 /* CustomComponents.swift */; };
		A2702D312AF52BDC002CDAF7 /* DataManager.swift in Sources */ = {isa = PBXBuildFile; fileRef = A2702D302AF52BDC002CDAF7 /* DataManager.swift */; };
		A2702D332AF52CE9002CDAF7 /* Validation.swift in Sources */ = {isa = PBXBuildFile; fileRef = A2702D322AF52CE9002CDAF7 /* Validation.swift */; };
/* End PBXBuildFile section */

/* Begin PBXFileReference section */
		A212CCB72AF91CC50080FF58 /* TripView.swift */ = {isa = PBXFileReference; lastKnownFileType = sourcecode.swift; path = TripView.swift; sourceTree = "<group>"; };
		A212CCB92AF91CF50080FF58 /* JournalView.swift */ = {isa = PBXFileReference; lastKnownFileType = sourcecode.swift; path = JournalView.swift; sourceTree = "<group>"; };
		A212CCBB2AF91D3E0080FF58 /* MapView.swift */ = {isa = PBXFileReference; lastKnownFileType = sourcecode.swift; path = MapView.swift; sourceTree = "<group>"; };
		A212CCBD2AF91D620080FF58 /* PhotoView.swift */ = {isa = PBXFileReference; lastKnownFileType = sourcecode.swift; path = PhotoView.swift; sourceTree = "<group>"; };
		A212CCC32AF91F6D0080FF58 /* TabBarView.swift */ = {isa = PBXFileReference; lastKnownFileType = sourcecode.swift; path = TabBarView.swift; sourceTree = "<group>"; };
		A212CCEA2AF9A0450080FF58 /* LocationManager.swift */ = {isa = PBXFileReference; lastKnownFileType = sourcecode.swift; path = LocationManager.swift; sourceTree = "<group>"; };
		A212CCEC2AF9A2AF0080FF58 /* AddTripView.swift */ = {isa = PBXFileReference; lastKnownFileType = sourcecode.swift; path = AddTripView.swift; sourceTree = "<group>"; };
		A21552892B02666F0006162B /* Journal+CoreDataClass.swift */ = {isa = PBXFileReference; lastKnownFileType = sourcecode.swift; path = "Journal+CoreDataClass.swift"; sourceTree = "<group>"; };
		A215528A2B02666F0006162B /* Journal+CoreDataProperties.swift */ = {isa = PBXFileReference; lastKnownFileType = sourcecode.swift; path = "Journal+CoreDataProperties.swift"; sourceTree = "<group>"; };
		A215528B2B02666F0006162B /* Trip+CoreDataClass.swift */ = {isa = PBXFileReference; lastKnownFileType = sourcecode.swift; path = "Trip+CoreDataClass.swift"; sourceTree = "<group>"; };
		A215528C2B02666F0006162B /* Trip+CoreDataProperties.swift */ = {isa = PBXFileReference; lastKnownFileType = sourcecode.swift; path = "Trip+CoreDataProperties.swift"; sourceTree = "<group>"; };
		A215528D2B02666F0006162B /* User+CoreDataClass.swift */ = {isa = PBXFileReference; lastKnownFileType = sourcecode.swift; path = "User+CoreDataClass.swift"; sourceTree = "<group>"; };
		A215528E2B02666F0006162B /* User+CoreDataProperties.swift */ = {isa = PBXFileReference; lastKnownFileType = sourcecode.swift; path = "User+CoreDataProperties.swift"; sourceTree = "<group>"; };
		A215528F2B02666F0006162B /* Photo+CoreDataClass.swift */ = {isa = PBXFileReference; lastKnownFileType = sourcecode.swift; path = "Photo+CoreDataClass.swift"; sourceTree = "<group>"; };
		A21552902B02666F0006162B /* Photo+CoreDataProperties.swift */ = {isa = PBXFileReference; lastKnownFileType = sourcecode.swift; path = "Photo+CoreDataProperties.swift"; sourceTree = "<group>"; };
		A25CB4B22AFC94770000A70F /* AddJournalView.swift */ = {isa = PBXFileReference; lastKnownFileType = sourcecode.swift; path = AddJournalView.swift; sourceTree = "<group>"; };
		A2702CF22AF3200D002CDAF7 /* Wanderlust.app */ = {isa = PBXFileReference; explicitFileType = wrapper.application; includeInIndex = 0; path = Wanderlust.app; sourceTree = BUILT_PRODUCTS_DIR; };
		A2702CF52AF3200D002CDAF7 /* WanderlustApp.swift */ = {isa = PBXFileReference; lastKnownFileType = sourcecode.swift; path = WanderlustApp.swift; sourceTree = "<group>"; };
		A2702CF72AF3200D002CDAF7 /* ContentView.swift */ = {isa = PBXFileReference; lastKnownFileType = sourcecode.swift; path = ContentView.swift; sourceTree = "<group>"; };
		A2702CF92AF3200F002CDAF7 /* Assets.xcassets */ = {isa = PBXFileReference; lastKnownFileType = folder.assetcatalog; path = Assets.xcassets; sourceTree = "<group>"; };
		A2702CFC2AF3200F002CDAF7 /* Preview Assets.xcassets */ = {isa = PBXFileReference; lastKnownFileType = folder.assetcatalog; path = "Preview Assets.xcassets"; sourceTree = "<group>"; };
		A2702D012AF3200F002CDAF7 /* Wanderlust.xcdatamodel */ = {isa = PBXFileReference; lastKnownFileType = wrapper.xcdatamodel; path = Wanderlust.xcdatamodel; sourceTree = "<group>"; };
		A2702D0C2AF3339B002CDAF7 /* Register.swift */ = {isa = PBXFileReference; lastKnownFileType = sourcecode.swift; path = Register.swift; sourceTree = "<group>"; };
		A2702D112AF33DB9002CDAF7 /* ProfileView.swift */ = {isa = PBXFileReference; lastKnownFileType = sourcecode.swift; path = ProfileView.swift; sourceTree = "<group>"; };
		A2702D1A2AF3AB3A002CDAF7 /* CustomComponents.swift */ = {isa = PBXFileReference; lastKnownFileType = sourcecode.swift; path = CustomComponents.swift; sourceTree = "<group>"; };
		A2702D1C2AF3B306002CDAF7 /* Info.plist */ = {isa = PBXFileReference; lastKnownFileType = text.plist; path = Info.plist; sourceTree = "<group>"; };
		A2702D302AF52BDC002CDAF7 /* DataManager.swift */ = {isa = PBXFileReference; lastKnownFileType = sourcecode.swift; path = DataManager.swift; sourceTree = "<group>"; };
		A2702D322AF52CE9002CDAF7 /* Validation.swift */ = {isa = PBXFileReference; lastKnownFileType = sourcecode.swift; path = Validation.swift; sourceTree = "<group>"; };
/* End PBXFileReference section */

/* Begin PBXFrameworksBuildPhase section */
		A2702CEF2AF3200D002CDAF7 /* Frameworks */ = {
			isa = PBXFrameworksBuildPhase;
			buildActionMask = 2147483647;
			files = (
			);
			runOnlyForDeploymentPostprocessing = 0;
		};
/* End PBXFrameworksBuildPhase section */

/* Begin PBXGroup section */
		A212CCC52AF9200C0080FF58 /* TabBar */ = {
			isa = PBXGroup;
			children = (
				A212CCC32AF91F6D0080FF58 /* TabBarView.swift */,
			);
			path = TabBar;
			sourceTree = "<group>";
		};
		A235796C2AF9149A00589D8E /* Photo */ = {
			isa = PBXGroup;
			children = (
				A212CCBD2AF91D620080FF58 /* PhotoView.swift */,
			);
			path = Photo;
			sourceTree = "<group>";
		};
		A2702CE92AF3200D002CDAF7 = {
			isa = PBXGroup;
			children = (
				A2702CF42AF3200D002CDAF7 /* Wanderlust */,
				A2702CF32AF3200D002CDAF7 /* Products */,
			);
			sourceTree = "<group>";
		};
		A2702CF32AF3200D002CDAF7 /* Products */ = {
			isa = PBXGroup;
			children = (
				A2702CF22AF3200D002CDAF7 /* Wanderlust.app */,
			);
			name = Products;
			sourceTree = "<group>";
		};
		A2702CF42AF3200D002CDAF7 /* Wanderlust */ = {
			isa = PBXGroup;
			children = (
				A2702D262AF3E993002CDAF7 /* DataManager */,
				A2702D272AF3E9D4002CDAF7 /* DataModel */,
				A2702D192AF3AB10002CDAF7 /* Components */,
				A2702D102AF33DA2002CDAF7 /* Profile */,
				A2702D132AF33DF7002CDAF7 /* Trip */,
				A2702D162AF33E64002CDAF7 /* Journal */,
				A235796C2AF9149A00589D8E /* Photo */,
				A2702D182AF33E92002CDAF7 /* Location */,
				A2702D252AF3E982002CDAF7 /* Utility */,
				A212CCC52AF9200C0080FF58 /* TabBar */,
				A2702CF52AF3200D002CDAF7 /* WanderlustApp.swift */,
				A2702CF72AF3200D002CDAF7 /* ContentView.swift */,
				A2702CF92AF3200F002CDAF7 /* Assets.xcassets */,
				A2702D1C2AF3B306002CDAF7 /* Info.plist */,
				A2702D002AF3200F002CDAF7 /* Wanderlust.xcdatamodeld */,
				A2702CFB2AF3200F002CDAF7 /* Preview Content */,
			);
			path = Wanderlust;
			sourceTree = "<group>";
		};
		A2702CFB2AF3200F002CDAF7 /* Preview Content */ = {
			isa = PBXGroup;
			children = (
				A2702CFC2AF3200F002CDAF7 /* Preview Assets.xcassets */,
			);
			path = "Preview Content";
			sourceTree = "<group>";
		};
		A2702D102AF33DA2002CDAF7 /* Profile */ = {
			isa = PBXGroup;
			children = (
				A2702D112AF33DB9002CDAF7 /* ProfileView.swift */,
				A2702D0C2AF3339B002CDAF7 /* Register.swift */,
			);
			path = Profile;
			sourceTree = "<group>";
		};
		A2702D132AF33DF7002CDAF7 /* Trip */ = {
			isa = PBXGroup;
			children = (
				A212CCB72AF91CC50080FF58 /* TripView.swift */,
				A212CCEC2AF9A2AF0080FF58 /* AddTripView.swift */,
			);
			path = Trip;
			sourceTree = "<group>";
		};
		A2702D162AF33E64002CDAF7 /* Journal */ = {
			isa = PBXGroup;
			children = (
				A212CCB92AF91CF50080FF58 /* JournalView.swift */,
				A25CB4B22AFC94770000A70F /* AddJournalView.swift */,
			);
			path = Journal;
			sourceTree = "<group>";
		};
		A2702D182AF33E92002CDAF7 /* Location */ = {
			isa = PBXGroup;
			children = (
				A212CCBB2AF91D3E0080FF58 /* MapView.swift */,
			);
			path = Location;
			sourceTree = "<group>";
		};
		A2702D192AF3AB10002CDAF7 /* Components */ = {
			isa = PBXGroup;
			children = (
				A2702D1A2AF3AB3A002CDAF7 /* CustomComponents.swift */,
			);
			path = Components;
			sourceTree = "<group>";
		};
		A2702D252AF3E982002CDAF7 /* Utility */ = {
			isa = PBXGroup;
			children = (
				A2702D322AF52CE9002CDAF7 /* Validation.swift */,
			);
			path = Utility;
			sourceTree = "<group>";
		};
		A2702D262AF3E993002CDAF7 /* DataManager */ = {
			isa = PBXGroup;
			children = (
				A2702D302AF52BDC002CDAF7 /* DataManager.swift */,
				A212CCEA2AF9A0450080FF58 /* LocationManager.swift */,
			);
			path = DataManager;
			sourceTree = "<group>";
		};
		A2702D272AF3E9D4002CDAF7 /* DataModel */ = {
			isa = PBXGroup;
			children = (
				A21552892B02666F0006162B /* Journal+CoreDataClass.swift */,
				A215528A2B02666F0006162B /* Journal+CoreDataProperties.swift */,
				A215528B2B02666F0006162B /* Trip+CoreDataClass.swift */,
				A215528C2B02666F0006162B /* Trip+CoreDataProperties.swift */,
				A215528D2B02666F0006162B /* User+CoreDataClass.swift */,
				A215528E2B02666F0006162B /* User+CoreDataProperties.swift */,
				A215528F2B02666F0006162B /* Photo+CoreDataClass.swift */,
				A21552902B02666F0006162B /* Photo+CoreDataProperties.swift */,
			);
			path = DataModel;
			sourceTree = "<group>";
		};
/* End PBXGroup section */

/* Begin PBXNativeTarget section */
		A2702CF12AF3200D002CDAF7 /* Wanderlust */ = {
			isa = PBXNativeTarget;
			buildConfigurationList = A2702D052AF3200F002CDAF7 /* Build configuration list for PBXNativeTarget "Wanderlust" */;
			buildPhases = (
				A2702CEE2AF3200D002CDAF7 /* Sources */,
				A2702CEF2AF3200D002CDAF7 /* Frameworks */,
				A2702CF02AF3200D002CDAF7 /* Resources */,
			);
			buildRules = (
			);
			dependencies = (
			);
			name = Wanderlust;
			productName = Wanderlust;
			productReference = A2702CF22AF3200D002CDAF7 /* Wanderlust.app */;
			productType = "com.apple.product-type.application";
		};
/* End PBXNativeTarget section */

/* Begin PBXProject section */
		A2702CEA2AF3200D002CDAF7 /* Project object */ = {
			isa = PBXProject;
			attributes = {
				BuildIndependentTargetsInParallel = 1;
				LastSwiftUpdateCheck = 1500;
				LastUpgradeCheck = 1500;
				TargetAttributes = {
					A2702CF12AF3200D002CDAF7 = {
						CreatedOnToolsVersion = 15.0.1;
					};
				};
			};
			buildConfigurationList = A2702CED2AF3200D002CDAF7 /* Build configuration list for PBXProject "Wanderlust" */;
			compatibilityVersion = "Xcode 14.0";
			developmentRegion = en;
			hasScannedForEncodings = 0;
			knownRegions = (
				en,
				Base,
			);
			mainGroup = A2702CE92AF3200D002CDAF7;
			productRefGroup = A2702CF32AF3200D002CDAF7 /* Products */;
			projectDirPath = "";
			projectRoot = "";
			targets = (
				A2702CF12AF3200D002CDAF7 /* Wanderlust */,
			);
		};
/* End PBXProject section */

/* Begin PBXResourcesBuildPhase section */
		A2702CF02AF3200D002CDAF7 /* Resources */ = {
			isa = PBXResourcesBuildPhase;
			buildActionMask = 2147483647;
			files = (
				A2702CFD2AF3200F002CDAF7 /* Preview Assets.xcassets in Resources */,
				A2702CFA2AF3200F002CDAF7 /* Assets.xcassets in Resources */,
			);
			runOnlyForDeploymentPostprocessing = 0;
		};
/* End PBXResourcesBuildPhase section */

/* Begin PBXSourcesBuildPhase section */
		A2702CEE2AF3200D002CDAF7 /* Sources */ = {
			isa = PBXSourcesBuildPhase;
			buildActionMask = 2147483647;
			files = (
				A2702D312AF52BDC002CDAF7 /* DataManager.swift in Sources */,
				A212CCBC2AF91D3E0080FF58 /* MapView.swift in Sources */,
				A212CCB82AF91CC50080FF58 /* TripView.swift in Sources */,
				A2702D1B2AF3AB3A002CDAF7 /* CustomComponents.swift in Sources */,
				A212CCC42AF91F6D0080FF58 /* TabBarView.swift in Sources */,
				A2702D022AF3200F002CDAF7 /* Wanderlust.xcdatamodeld in Sources */,
				A21552982B02666F0006162B /* Photo+CoreDataProperties.swift in Sources */,
				A21552972B02666F0006162B /* Photo+CoreDataClass.swift in Sources */,
				A212CCBE2AF91D620080FF58 /* PhotoView.swift in Sources */,
				A2702D332AF52CE9002CDAF7 /* Validation.swift in Sources */,
				A2702D122AF33DB9002CDAF7 /* ProfileView.swift in Sources */,
				A2702CF82AF3200D002CDAF7 /* ContentView.swift in Sources */,
				A21552932B02666F0006162B /* Trip+CoreDataClass.swift in Sources */,
				A2702CF62AF3200D002CDAF7 /* WanderlustApp.swift in Sources */,
				A2702D0D2AF3339B002CDAF7 /* Register.swift in Sources */,
				A21552912B02666F0006162B /* Journal+CoreDataClass.swift in Sources */,
				A212CCEB2AF9A0450080FF58 /* LocationManager.swift in Sources */,
				A212CCBA2AF91CF50080FF58 /* JournalView.swift in Sources */,
				A25CB4B32AFC94770000A70F /* AddJournalView.swift in Sources */,
				A21552922B02666F0006162B /* Journal+CoreDataProperties.swift in Sources */,
				A21552962B02666F0006162B /* User+CoreDataProperties.swift in Sources */,
				A21552942B02666F0006162B /* Trip+CoreDataProperties.swift in Sources */,
				A212CCED2AF9A2AF0080FF58 /* AddTripView.swift in Sources */,
				A21552952B02666F0006162B /* User+CoreDataClass.swift in Sources */,
			);
			runOnlyForDeploymentPostprocessing = 0;
		};
/* End PBXSourcesBuildPhase section */

/* Begin XCBuildConfiguration section */
		A2702D032AF3200F002CDAF7 /* Debug */ = {
			isa = XCBuildConfiguration;
			buildSettings = {
				ALWAYS_SEARCH_USER_PATHS = NO;
				ASSETCATALOG_COMPILER_GENERATE_SWIFT_ASSET_SYMBOL_EXTENSIONS = YES;
				CLANG_ANALYZER_NONNULL = YES;
				CLANG_ANALYZER_NUMBER_OBJECT_CONVERSION = YES_AGGRESSIVE;
				CLANG_CXX_LANGUAGE_STANDARD = "gnu++20";
				CLANG_ENABLE_MODULES = YES;
				CLANG_ENABLE_OBJC_ARC = YES;
				CLANG_ENABLE_OBJC_WEAK = YES;
				CLANG_WARN_BLOCK_CAPTURE_AUTORELEASING = YES;
				CLANG_WARN_BOOL_CONVERSION = YES;
				CLANG_WARN_COMMA = YES;
				CLANG_WARN_CONSTANT_CONVERSION = YES;
				CLANG_WARN_DEPRECATED_OBJC_IMPLEMENTATIONS = YES;
				CLANG_WARN_DIRECT_OBJC_ISA_USAGE = YES_ERROR;
				CLANG_WARN_DOCUMENTATION_COMMENTS = YES;
				CLANG_WARN_EMPTY_BODY = YES;
				CLANG_WARN_ENUM_CONVERSION = YES;
				CLANG_WARN_INFINITE_RECURSION = YES;
				CLANG_WARN_INT_CONVERSION = YES;
				CLANG_WARN_NON_LITERAL_NULL_CONVERSION = YES;
				CLANG_WARN_OBJC_IMPLICIT_RETAIN_SELF = YES;
				CLANG_WARN_OBJC_LITERAL_CONVERSION = YES;
				CLANG_WARN_OBJC_ROOT_CLASS = YES_ERROR;
				CLANG_WARN_QUOTED_INCLUDE_IN_FRAMEWORK_HEADER = YES;
				CLANG_WARN_RANGE_LOOP_ANALYSIS = YES;
				CLANG_WARN_STRICT_PROTOTYPES = YES;
				CLANG_WARN_SUSPICIOUS_MOVE = YES;
				CLANG_WARN_UNGUARDED_AVAILABILITY = YES_AGGRESSIVE;
				CLANG_WARN_UNREACHABLE_CODE = YES;
				CLANG_WARN__DUPLICATE_METHOD_MATCH = YES;
				COPY_PHASE_STRIP = NO;
				DEBUG_INFORMATION_FORMAT = dwarf;
				ENABLE_STRICT_OBJC_MSGSEND = YES;
				ENABLE_TESTABILITY = YES;
				ENABLE_USER_SCRIPT_SANDBOXING = YES;
				GCC_C_LANGUAGE_STANDARD = gnu17;
				GCC_DYNAMIC_NO_PIC = NO;
				GCC_NO_COMMON_BLOCKS = YES;
				GCC_OPTIMIZATION_LEVEL = 0;
				GCC_PREPROCESSOR_DEFINITIONS = (
					"DEBUG=1",
					"$(inherited)",
				);
				GCC_WARN_64_TO_32_BIT_CONVERSION = YES;
				GCC_WARN_ABOUT_RETURN_TYPE = YES_ERROR;
				GCC_WARN_UNDECLARED_SELECTOR = YES;
				GCC_WARN_UNINITIALIZED_AUTOS = YES_AGGRESSIVE;
				GCC_WARN_UNUSED_FUNCTION = YES;
				GCC_WARN_UNUSED_VARIABLE = YES;
				IPHONEOS_DEPLOYMENT_TARGET = 17.0;
				LOCALIZATION_PREFERS_STRING_CATALOGS = YES;
				MTL_ENABLE_DEBUG_INFO = INCLUDE_SOURCE;
				MTL_FAST_MATH = YES;
				ONLY_ACTIVE_ARCH = YES;
				SDKROOT = iphoneos;
				SWIFT_ACTIVE_COMPILATION_CONDITIONS = "DEBUG $(inherited)";
				SWIFT_OPTIMIZATION_LEVEL = "-Onone";
			};
			name = Debug;
		};
		A2702D042AF3200F002CDAF7 /* Release */ = {
			isa = XCBuildConfiguration;
			buildSettings = {
				ALWAYS_SEARCH_USER_PATHS = NO;
				ASSETCATALOG_COMPILER_GENERATE_SWIFT_ASSET_SYMBOL_EXTENSIONS = YES;
				CLANG_ANALYZER_NONNULL = YES;
				CLANG_ANALYZER_NUMBER_OBJECT_CONVERSION = YES_AGGRESSIVE;
				CLANG_CXX_LANGUAGE_STANDARD = "gnu++20";
				CLANG_ENABLE_MODULES = YES;
				CLANG_ENABLE_OBJC_ARC = YES;
				CLANG_ENABLE_OBJC_WEAK = YES;
				CLANG_WARN_BLOCK_CAPTURE_AUTORELEASING = YES;
				CLANG_WARN_BOOL_CONVERSION = YES;
				CLANG_WARN_COMMA = YES;
				CLANG_WARN_CONSTANT_CONVERSION = YES;
				CLANG_WARN_DEPRECATED_OBJC_IMPLEMENTATIONS = YES;
				CLANG_WARN_DIRECT_OBJC_ISA_USAGE = YES_ERROR;
				CLANG_WARN_DOCUMENTATION_COMMENTS = YES;
				CLANG_WARN_EMPTY_BODY = YES;
				CLANG_WARN_ENUM_CONVERSION = YES;
				CLANG_WARN_INFINITE_RECURSION = YES;
				CLANG_WARN_INT_CONVERSION = YES;
				CLANG_WARN_NON_LITERAL_NULL_CONVERSION = YES;
				CLANG_WARN_OBJC_IMPLICIT_RETAIN_SELF = YES;
				CLANG_WARN_OBJC_LITERAL_CONVERSION = YES;
				CLANG_WARN_OBJC_ROOT_CLASS = YES_ERROR;
				CLANG_WARN_QUOTED_INCLUDE_IN_FRAMEWORK_HEADER = YES;
				CLANG_WARN_RANGE_LOOP_ANALYSIS = YES;
				CLANG_WARN_STRICT_PROTOTYPES = YES;
				CLANG_WARN_SUSPICIOUS_MOVE = YES;
				CLANG_WARN_UNGUARDED_AVAILABILITY = YES_AGGRESSIVE;
				CLANG_WARN_UNREACHABLE_CODE = YES;
				CLANG_WARN__DUPLICATE_METHOD_MATCH = YES;
				COPY_PHASE_STRIP = NO;
				DEBUG_INFORMATION_FORMAT = "dwarf-with-dsym";
				ENABLE_NS_ASSERTIONS = NO;
				ENABLE_STRICT_OBJC_MSGSEND = YES;
				ENABLE_USER_SCRIPT_SANDBOXING = YES;
				GCC_C_LANGUAGE_STANDARD = gnu17;
				GCC_NO_COMMON_BLOCKS = YES;
				GCC_WARN_64_TO_32_BIT_CONVERSION = YES;
				GCC_WARN_ABOUT_RETURN_TYPE = YES_ERROR;
				GCC_WARN_UNDECLARED_SELECTOR = YES;
				GCC_WARN_UNINITIALIZED_AUTOS = YES_AGGRESSIVE;
				GCC_WARN_UNUSED_FUNCTION = YES;
				GCC_WARN_UNUSED_VARIABLE = YES;
				IPHONEOS_DEPLOYMENT_TARGET = 17.0;
				LOCALIZATION_PREFERS_STRING_CATALOGS = YES;
				MTL_ENABLE_DEBUG_INFO = NO;
				MTL_FAST_MATH = YES;
				SDKROOT = iphoneos;
				SWIFT_COMPILATION_MODE = wholemodule;
				VALIDATE_PRODUCT = YES;
			};
			name = Release;
		};
		A2702D062AF3200F002CDAF7 /* Debug */ = {
			isa = XCBuildConfiguration;
			buildSettings = {
				ASSETCATALOG_COMPILER_APPICON_NAME = AppIcon;
				ASSETCATALOG_COMPILER_GLOBAL_ACCENT_COLOR_NAME = AccentColor;
				CODE_SIGN_STYLE = Automatic;
				CURRENT_PROJECT_VERSION = 1;
				DEVELOPMENT_ASSET_PATHS = "\"Wanderlust/Preview Content\"";
				DEVELOPMENT_TEAM = AJ6UG629X6;
				ENABLE_PREVIEWS = YES;
				GENERATE_INFOPLIST_FILE = YES;
				INFOPLIST_FILE = Wanderlust/Info.plist;
				INFOPLIST_KEY_UIApplicationSceneManifest_Generation = YES;
				INFOPLIST_KEY_UIApplicationSupportsIndirectInputEvents = YES;
				INFOPLIST_KEY_UISupportedInterfaceOrientations_iPad = "UIInterfaceOrientationPortrait UIInterfaceOrientationPortraitUpsideDown UIInterfaceOrientationLandscapeLeft UIInterfaceOrientationLandscapeRight";
				INFOPLIST_KEY_UISupportedInterfaceOrientations_iPhone = "UIInterfaceOrientationPortrait UIInterfaceOrientationLandscapeLeft UIInterfaceOrientationLandscapeRight";
				LD_RUNPATH_SEARCH_PATHS = (
					"$(inherited)",
					"@executable_path/Frameworks",
				);
				MARKETING_VERSION = 1.0;
				PRODUCT_BUNDLE_IDENTIFIER = com.singhinamerica.Wanderlust;
				PRODUCT_NAME = "$(TARGET_NAME)";
				SWIFT_EMIT_LOC_STRINGS = YES;
				SWIFT_VERSION = 5.0;
				TARGETED_DEVICE_FAMILY = "1,2";
			};
			name = Debug;
		};
		A2702D072AF3200F002CDAF7 /* Release */ = {
			isa = XCBuildConfiguration;
			buildSettings = {
				ASSETCATALOG_COMPILER_APPICON_NAME = AppIcon;
				ASSETCATALOG_COMPILER_GLOBAL_ACCENT_COLOR_NAME = AccentColor;
				CODE_SIGN_STYLE = Automatic;
				CURRENT_PROJECT_VERSION = 1;
				DEVELOPMENT_ASSET_PATHS = "\"Wanderlust/Preview Content\"";
				DEVELOPMENT_TEAM = AJ6UG629X6;
				ENABLE_PREVIEWS = YES;
				GENERATE_INFOPLIST_FILE = YES;
				INFOPLIST_FILE = Wanderlust/Info.plist;
				INFOPLIST_KEY_UIApplicationSceneManifest_Generation = YES;
				INFOPLIST_KEY_UIApplicationSupportsIndirectInputEvents = YES;
				INFOPLIST_KEY_UISupportedInterfaceOrientations_iPad = "UIInterfaceOrientationPortrait UIInterfaceOrientationPortraitUpsideDown UIInterfaceOrientationLandscapeLeft UIInterfaceOrientationLandscapeRight";
				INFOPLIST_KEY_UISupportedInterfaceOrientations_iPhone = "UIInterfaceOrientationPortrait UIInterfaceOrientationLandscapeLeft UIInterfaceOrientationLandscapeRight";
				LD_RUNPATH_SEARCH_PATHS = (
					"$(inherited)",
					"@executable_path/Frameworks",
				);
				MARKETING_VERSION = 1.0;
				PRODUCT_BUNDLE_IDENTIFIER = com.singhinamerica.Wanderlust;
				PRODUCT_NAME = "$(TARGET_NAME)";
				SWIFT_EMIT_LOC_STRINGS = YES;
				SWIFT_VERSION = 5.0;
				TARGETED_DEVICE_FAMILY = "1,2";
			};
			name = Release;
		};
/* End XCBuildConfiguration section */

/* Begin XCConfigurationList section */
		A2702CED2AF3200D002CDAF7 /* Build configuration list for PBXProject "Wanderlust" */ = {
			isa = XCConfigurationList;
			buildConfigurations = (
				A2702D032AF3200F002CDAF7 /* Debug */,
				A2702D042AF3200F002CDAF7 /* Release */,
			);
			defaultConfigurationIsVisible = 0;
			defaultConfigurationName = Release;
		};
		A2702D052AF3200F002CDAF7 /* Build configuration list for PBXNativeTarget "Wanderlust" */ = {
			isa = XCConfigurationList;
			buildConfigurations = (
				A2702D062AF3200F002CDAF7 /* Debug */,
				A2702D072AF3200F002CDAF7 /* Release */,
			);
			defaultConfigurationIsVisible = 0;
			defaultConfigurationName = Release;
		};
/* End XCConfigurationList section */

/* Begin XCVersionGroup section */
		A2702D002AF3200F002CDAF7 /* Wanderlust.xcdatamodeld */ = {
			isa = XCVersionGroup;
			children = (
				A2702D012AF3200F002CDAF7 /* Wanderlust.xcdatamodel */,
			);
			currentVersion = A2702D012AF3200F002CDAF7 /* Wanderlust.xcdatamodel */;
			path = Wanderlust.xcdatamodeld;
			sourceTree = "<group>";
			versionGroupType = wrapper.xcdatamodel;
		};
/* End XCVersionGroup section */
	};
	rootObject = A2702CEA2AF3200D002CDAF7 /* Project object */;
}
